{
  "requires": true,
  "lockfileVersion": 1,
  "dependencies": {
    "complate-stream": {
      "version": "0.14.2",
      "resolved": "https://registry.npmjs.org/complate-stream/-/complate-stream-0.14.2.tgz",
      "integrity": "sha512-2Z/f2jRVu2TeWBah/teXBT7hFR+W1Vjt072fKlRJG0H2dsbdOyyD6YUeko1B2w415K3Zhm62PPRJRzSDoWFgRQ==",
      "dev": true
    }
  }
}
